
Microsoft Visual Studio Solution File, Format Version 12.00
# Visual Studio Version 16
VisualStudioVersion = 16.0.30204.135
MinimumVisualStudioVersion = 10.0.40219.1
Project("{FAE04EC0-301F-11D3-BF4B-00C04F79EFBC}") = "NumberString", "NumberString\NumberString.csproj", "{14F41733-2E9E-40CB-A797-45C0AE75D945}"
EndProject
Project("{FAE04EC0-301F-11D3-BF4B-00C04F79EFBC}") = "NumberString.Tests", "NumberString.Tests\NumberString.Tests.csproj", "{7B918549-31FA-4DE6-97F1-2A237F553C93}"
EndProject
Global
	GlobalSection(SolutionConfigurationPlatforms) = preSolution
		Debug|Any CPU = Debug|Any CPU
		Release|Any CPU = Release|Any CPU
	EndGlobalSection
	GlobalSection(ProjectConfigurationPlatforms) = postSolution
		{14F41733-2E9E-40CB-A797-45C0AE75D945}.Debug|Any CPU.ActiveCfg = Debug|Any CPU
		{14F41733-2E9E-40CB-A797-45C0AE75D945}.Debug|Any CPU.Build.0 = Debug|Any CPU
		{14F41733-2E9E-40CB-A797-45C0AE75D945}.Release|Any CPU.ActiveCfg = Release|Any CPU
		{14F41733-2E9E-40CB-A797-45C0AE75D945}.Release|Any CPU.Build.0 = Release|Any CPU
		{7B918549-31FA-4DE6-97F1-2A237F553C93}.Debug|Any CPU.ActiveCfg = Debug|Any CPU
		{7B918549-31FA-4DE6-97F1-2A237F553C93}.Debug|Any CPU.Build.0 = Debug|Any CPU
		{7B918549-31FA-4DE6-97F1-2A237F553C93}.Release|Any CPU.ActiveCfg = Release|Any CPU
		{7B918549-31FA-4DE6-97F1-2A237F553C93}.Release|Any CPU.Build.0 = Release|Any CPU
	EndGlobalSection
	GlobalSection(SolutionProperties) = preSolution
		HideSolutionNode = FALSE
	EndGlobalSection
	GlobalSection(ExtensibilityGlobals) = postSolution
		SolutionGuid = {A0DA2EEC-41F5-41A2-AF52-435518DC8616}
	EndGlobalSection
EndGlobal
